
Microsoft Visual Studio Solution File, Format Version 12.00
# Visual Studio 2012
Project("{8BC9CEB8-8B4A-11D0-8D11-00A0C91BC942}") = "Lesson02_BasicPolygons", "Lesson02_Basics\Lesson02_BasicPolygons.vcxproj", "{8DD79F58-6F94-4C83-9676-052B28C09A62}"
EndProject
Project("{8BC9CEB8-8B4A-11D0-8D11-00A0C91BC942}") = "Lesson04_Rotation", "Lesson04_Rotation\Lesson04_Rotation.vcxproj", "{68E6B169-4259-4578-BC1C-16B5D9861BD5}"
EndProject
Project("{8BC9CEB8-8B4A-11D0-8D11-00A0C91BC942}") = "Lesson05_3Dobjects", "Lesson05_3Dobjects\Lesson05_3Dobjects.vcxproj", "{4E9FD5CE-96B5-4211-805A-CB6F7D881529}"
EndProject
Project("{8BC9CEB8-8B4A-11D0-8D11-00A0C91BC942}") = "Lesson06_TextureMapping", "Lesson06_TextureMapping\Lesson06_TextureMapping.vcxproj", "{E98FC4AB-FA49-4EA7-8A66-705D91680523}"
EndProject
Project("{8BC9CEB8-8B4A-11D0-8D11-00A0C91BC942}") = "Lesson07_TextureFilteringLightning", "Lesson07_TextureFilteringLightning\Lesson07_TextureFilteringLightning.vcxproj", "{5ACCA592-45F5-4185-8BCD-5B8CF84A4842}"
EndProject
Project("{8BC9CEB8-8B4A-11D0-8D11-00A0C91BC942}") = "Lesson08_Blending", "Lesson08_Blending\Lesson08_Blending.vcxproj", "{2F36212B-8A4F-43A0-83F6-C8A0DD358F59}"
EndProject
Project("{8BC9CEB8-8B4A-11D0-8D11-00A0C91BC942}") = "Lesson09_MovingBitmaps", "Lesson09_MovingBitmaps\Lesson09_MovingBitmaps.vcxproj", "{BF160A59-584F-4A5E-A007-A8515C11A5C0}"
EndProject
Project("{8BC9CEB8-8B4A-11D0-8D11-00A0C91BC942}") = "Lesson10_MovingInAWorld", "Lesson10_MovingInAWorld\Lesson10_MovingInAWorld.vcxproj", "{5A758352-F474-4CEE-866F-8993ADAED1BF}"
EndProject
Project("{8BC9CEB8-8B4A-11D0-8D11-00A0C91BC942}") = "Lesson11_WavingTextures", "Lesson11_WavingTextures\Lesson11_WavingTextures.vcxproj", "{3823346A-8AE3-43D4-BB8D-54B0E1ACE771}"
EndProject
Project("{8BC9CEB8-8B4A-11D0-8D11-00A0C91BC942}") = "Lesson12_DisplayLists", "Lesson12_DisplayLists\Lesson12_DisplayLists.vcxproj", "{5ED8A6B3-3B33-45F6-8078-A5962CE1032F}"
EndProject
Project("{8BC9CEB8-8B4A-11D0-8D11-00A0C91BC942}") = "Lesson13_BitmapFonts", "Lesson13_BitmapFonts\Lesson13_BitmapFonts.vcxproj", "{B39B88D9-0BFE-43DC-8A61-1AEFAB0DB8E2}"
EndProject
Project("{8BC9CEB8-8B4A-11D0-8D11-00A0C91BC942}") = "Lesson14_OutlineFonts", "Lesson14_OutlineFonts\Lesson14_OutlineFonts.vcxproj", "{681449E0-22B9-4145-AAB4-32D63D1482EB}"
EndProject
Project("{8BC9CEB8-8B4A-11D0-8D11-00A0C91BC942}") = "Lesson15_TextureMappedFonts", "Lesson15_TextureMappedFonts\Lesson15_TextureMappedFonts.vcxproj", "{4C9B999B-C946-4500-8DC9-F6E869EBC1D4}"
EndProject
Project("{8BC9CEB8-8B4A-11D0-8D11-00A0C91BC942}") = "Lesson16_Fog", "Lesson16_Fog\Lesson16_Fog.vcxproj", "{130DA253-C6BF-4A0A-AE8E-912B07177A13}"
EndProject
Project("{8BC9CEB8-8B4A-11D0-8D11-00A0C91BC942}") = "Lesson17_2DTextureFonts", "Lesson17_2DTextureFonts\Lesson17_2DTextureFonts.vcxproj", "{8F626A50-1E3B-4E4D-AE23-97667D212FE3}"
EndProject
Project("{8BC9CEB8-8B4A-11D0-8D11-00A0C91BC942}") = "Lesson18_Quadrics", "Lesson18_Quadrics\Lesson18_Quadrics.vcxproj", "{13E25134-C5F7-4C27-95E5-D025C6C374DE}"
EndProject
Project("{8BC9CEB8-8B4A-11D0-8D11-00A0C91BC942}") = "Lesson19_ParticleEngine", "Lesson19_ParticleEngine\Lesson19_ParticleEngine.vcxproj", "{A9BA2BA2-EE8B-417B-92F8-C89BD3F9E367}"
EndProject
Project("{8BC9CEB8-8B4A-11D0-8D11-00A0C91BC942}") = "Lesson20_Masking", "Lesson20_Masking\Lesson20_Masking.vcxproj", "{7DAC31C5-3F51-4B1D-9C3E-BD6777B9720F}"
EndProject
Project("{8BC9CEB8-8B4A-11D0-8D11-00A0C91BC942}") = "Lesson21_LinesAntialiasingTimingOrthoViewSimpleSounds", "Lesson21_LinesAntialiasingTimingOrthoViewSimpleSounds\Lesson21_LinesAntialiasingTimingOrthoViewSimpleSounds.vcxproj", "{871BBD07-42EF-43C7-AE41-20A81E0930FA}"
EndProject
Project("{8BC9CEB8-8B4A-11D0-8D11-00A0C91BC942}") = "Lesson22_BumpmappingMultitexturing", "Lesson22_BumpmappingMultitexturing\Lesson22_BumpmappingMultitexturing.vcxproj", "{41A5C6F2-87C4-4FC1-86A3-FB690711D168}"
EndProject
Project("{8BC9CEB8-8B4A-11D0-8D11-00A0C91BC942}") = "lesson03_AddingColour", "Lesson03_Colour\Lesson03_Colour.vcxproj", "{FFF48D08-92B7-4D19-920E-EF03F9381A6B}"
EndProject
Project("{8BC9CEB8-8B4A-11D0-8D11-00A0C91BC942}") = "Lesson23_SphereMappingQuadrics", "Lesson23_SphereMappingQuadrics\Lesson23_SphereMappingQuadrics.vcxproj", "{4DF30503-D54A-4EA1-9B0F-17D52F1278FA}"
EndProject
Project("{8BC9CEB8-8B4A-11D0-8D11-00A0C91BC942}") = "Lesson22_Extended_ShaderEdition", "Lesson22_Extended_ShaderEdition\Lesson22_Extended_ShaderEdition.vcxproj", "{9ECB0415-2B8D-4DDB-90F8-BC9A87C7D45E}"
EndProject
Project("{8BC9CEB8-8B4A-11D0-8D11-00A0C91BC942}") = "Lesson24_ExtensionsScissorTesting", "Lesson24_ExtensionsScissorTesting\Lesson24_ExtensionsScissorTesting.vcxproj", "{8C3BD6C4-A22E-45EB-A935-8F298D6C704F}"
EndProject
Project("{8BC9CEB8-8B4A-11D0-8D11-00A0C91BC942}") = "Lesson25_MorphingLoadingFromFile", "Lesson25_MorphingLoadingFromFile\Lesson25_MorphingLoadingFromFile.vcxproj", "{98214068-7283-4880-96FF-7EBA8F20C334}"
EndProject
Project("{8BC9CEB8-8B4A-11D0-8D11-00A0C91BC942}") = "Lesson26_ReflectionStencilBuffer", "Lesson26_ReflectionStencilBuffer\Lesson26_ReflectionStencilBuffer.vcxproj", "{D1AAA3E1-4339-4303-9732-2A6961CC84B1}"
EndProject
Project("{8BC9CEB8-8B4A-11D0-8D11-00A0C91BC942}") = "Lesson27_Shadows", "Lesson27_Shadows\Lesson27_Shadows.vcxproj", "{64C4B39A-31C3-48E5-98CC-0B697C5AAFCA}"
EndProject
Project("{8BC9CEB8-8B4A-11D0-8D11-00A0C91BC942}") = "Lesson28_BizierPatches", "Lesson28_BizierPatches\Lesson28_BizierPatches.vcxproj", "{66A87204-C6B6-4492-B239-9A28BF3FA135}"
EndProject
Project("{8BC9CEB8-8B4A-11D0-8D11-00A0C91BC942}") = "Lesson29_BlitterFunction", "Lesson29_BlitterFunction\Lesson29_BlitterFunction.vcxproj", "{93109E8D-86B9-4C4E-8660-8FA69299F867}"
EndProject
Global
	GlobalSection(SolutionConfigurationPlatforms) = preSolution
		Debug|Win32 = Debug|Win32
		Debug|x64 = Debug|x64
		Release|Win32 = Release|Win32
		Release|x64 = Release|x64
	EndGlobalSection
	GlobalSection(ProjectConfigurationPlatforms) = postSolution
		{8DD79F58-6F94-4C83-9676-052B28C09A62}.Debug|Win32.ActiveCfg = Debug|Win32
		{8DD79F58-6F94-4C83-9676-052B28C09A62}.Debug|Win32.Build.0 = Debug|Win32
		{8DD79F58-6F94-4C83-9676-052B28C09A62}.Debug|x64.ActiveCfg = Debug|x64
		{8DD79F58-6F94-4C83-9676-052B28C09A62}.Debug|x64.Build.0 = Debug|x64
		{8DD79F58-6F94-4C83-9676-052B28C09A62}.Release|Win32.ActiveCfg = Release|Win32
		{8DD79F58-6F94-4C83-9676-052B28C09A62}.Release|Win32.Build.0 = Release|Win32
		{8DD79F58-6F94-4C83-9676-052B28C09A62}.Release|x64.ActiveCfg = Release|x64
		{8DD79F58-6F94-4C83-9676-052B28C09A62}.Release|x64.Build.0 = Release|x64
		{68E6B169-4259-4578-BC1C-16B5D9861BD5}.Debug|Win32.ActiveCfg = Debug|Win32
		{68E6B169-4259-4578-BC1C-16B5D9861BD5}.Debug|Win32.Build.0 = Debug|Win32
		{68E6B169-4259-4578-BC1C-16B5D9861BD5}.Debug|x64.ActiveCfg = Debug|x64
		{68E6B169-4259-4578-BC1C-16B5D9861BD5}.Debug|x64.Build.0 = Debug|x64
		{68E6B169-4259-4578-BC1C-16B5D9861BD5}.Release|Win32.ActiveCfg = Release|Win32
		{68E6B169-4259-4578-BC1C-16B5D9861BD5}.Release|Win32.Build.0 = Release|Win32
		{68E6B169-4259-4578-BC1C-16B5D9861BD5}.Release|x64.ActiveCfg = Release|x64
		{68E6B169-4259-4578-BC1C-16B5D9861BD5}.Release|x64.Build.0 = Release|x64
		{4E9FD5CE-96B5-4211-805A-CB6F7D881529}.Debug|Win32.ActiveCfg = Debug|Win32
		{4E9FD5CE-96B5-4211-805A-CB6F7D881529}.Debug|Win32.Build.0 = Debug|Win32
		{4E9FD5CE-96B5-4211-805A-CB6F7D881529}.Debug|x64.ActiveCfg = Debug|x64
		{4E9FD5CE-96B5-4211-805A-CB6F7D881529}.Debug|x64.Build.0 = Debug|x64
		{4E9FD5CE-96B5-4211-805A-CB6F7D881529}.Release|Win32.ActiveCfg = Release|Win32
		{4E9FD5CE-96B5-4211-805A-CB6F7D881529}.Release|Win32.Build.0 = Release|Win32
		{4E9FD5CE-96B5-4211-805A-CB6F7D881529}.Release|x64.ActiveCfg = Release|x64
		{4E9FD5CE-96B5-4211-805A-CB6F7D881529}.Release|x64.Build.0 = Release|x64
		{E98FC4AB-FA49-4EA7-8A66-705D91680523}.Debug|Win32.ActiveCfg = Debug|Win32
		{E98FC4AB-FA49-4EA7-8A66-705D91680523}.Debug|Win32.Build.0 = Debug|Win32
		{E98FC4AB-FA49-4EA7-8A66-705D91680523}.Debug|x64.ActiveCfg = Debug|x64
		{E98FC4AB-FA49-4EA7-8A66-705D91680523}.Debug|x64.Build.0 = Debug|x64
		{E98FC4AB-FA49-4EA7-8A66-705D91680523}.Release|Win32.ActiveCfg = Release|Win32
		{E98FC4AB-FA49-4EA7-8A66-705D91680523}.Release|Win32.Build.0 = Release|Win32
		{E98FC4AB-FA49-4EA7-8A66-705D91680523}.Release|x64.ActiveCfg = Release|x64
		{E98FC4AB-FA49-4EA7-8A66-705D91680523}.Release|x64.Build.0 = Release|x64
		{5ACCA592-45F5-4185-8BCD-5B8CF84A4842}.Debug|Win32.ActiveCfg = Debug|Win32
		{5ACCA592-45F5-4185-8BCD-5B8CF84A4842}.Debug|Win32.Build.0 = Debug|Win32
		{5ACCA592-45F5-4185-8BCD-5B8CF84A4842}.Debug|x64.ActiveCfg = Debug|x64
		{5ACCA592-45F5-4185-8BCD-5B8CF84A4842}.Debug|x64.Build.0 = Debug|x64
		{5ACCA592-45F5-4185-8BCD-5B8CF84A4842}.Release|Win32.ActiveCfg = Release|Win32
		{5ACCA592-45F5-4185-8BCD-5B8CF84A4842}.Release|Win32.Build.0 = Release|Win32
		{5ACCA592-45F5-4185-8BCD-5B8CF84A4842}.Release|x64.ActiveCfg = Release|x64
		{5ACCA592-45F5-4185-8BCD-5B8CF84A4842}.Release|x64.Build.0 = Release|x64
		{2F36212B-8A4F-43A0-83F6-C8A0DD358F59}.Debug|Win32.ActiveCfg = Debug|Win32
		{2F36212B-8A4F-43A0-83F6-C8A0DD358F59}.Debug|Win32.Build.0 = Debug|Win32
		{2F36212B-8A4F-43A0-83F6-C8A0DD358F59}.Debug|x64.ActiveCfg = Debug|x64
		{2F36212B-8A4F-43A0-83F6-C8A0DD358F59}.Debug|x64.Build.0 = Debug|x64
		{2F36212B-8A4F-43A0-83F6-C8A0DD358F59}.Release|Win32.ActiveCfg = Release|Win32
		{2F36212B-8A4F-43A0-83F6-C8A0DD358F59}.Release|Win32.Build.0 = Release|Win32
		{2F36212B-8A4F-43A0-83F6-C8A0DD358F59}.Release|x64.ActiveCfg = Release|x64
		{2F36212B-8A4F-43A0-83F6-C8A0DD358F59}.Release|x64.Build.0 = Release|x64
		{BF160A59-584F-4A5E-A007-A8515C11A5C0}.Debug|Win32.ActiveCfg = Debug|Win32
		{BF160A59-584F-4A5E-A007-A8515C11A5C0}.Debug|Win32.Build.0 = Debug|Win32
		{BF160A59-584F-4A5E-A007-A8515C11A5C0}.Debug|x64.ActiveCfg = Debug|x64
		{BF160A59-584F-4A5E-A007-A8515C11A5C0}.Debug|x64.Build.0 = Debug|x64
		{BF160A59-584F-4A5E-A007-A8515C11A5C0}.Release|Win32.ActiveCfg = Release|Win32
		{BF160A59-584F-4A5E-A007-A8515C11A5C0}.Release|Win32.Build.0 = Release|Win32
		{BF160A59-584F-4A5E-A007-A8515C11A5C0}.Release|x64.ActiveCfg = Release|x64
		{BF160A59-584F-4A5E-A007-A8515C11A5C0}.Release|x64.Build.0 = Release|x64
		{5A758352-F474-4CEE-866F-8993ADAED1BF}.Debug|Win32.ActiveCfg = Debug|Win32
		{5A758352-F474-4CEE-866F-8993ADAED1BF}.Debug|Win32.Build.0 = Debug|Win32
		{5A758352-F474-4CEE-866F-8993ADAED1BF}.Debug|x64.ActiveCfg = Debug|x64
		{5A758352-F474-4CEE-866F-8993ADAED1BF}.Debug|x64.Build.0 = Debug|x64
		{5A758352-F474-4CEE-866F-8993ADAED1BF}.Release|Win32.ActiveCfg = Release|Win32
		{5A758352-F474-4CEE-866F-8993ADAED1BF}.Release|Win32.Build.0 = Release|Win32
		{5A758352-F474-4CEE-866F-8993ADAED1BF}.Release|x64.ActiveCfg = Release|x64
		{5A758352-F474-4CEE-866F-8993ADAED1BF}.Release|x64.Build.0 = Release|x64
		{3823346A-8AE3-43D4-BB8D-54B0E1ACE771}.Debug|Win32.ActiveCfg = Debug|Win32
		{3823346A-8AE3-43D4-BB8D-54B0E1ACE771}.Debug|Win32.Build.0 = Debug|Win32
		{3823346A-8AE3-43D4-BB8D-54B0E1ACE771}.Debug|x64.ActiveCfg = Debug|x64
		{3823346A-8AE3-43D4-BB8D-54B0E1ACE771}.Debug|x64.Build.0 = Debug|x64
		{3823346A-8AE3-43D4-BB8D-54B0E1ACE771}.Release|Win32.ActiveCfg = Release|Win32
		{3823346A-8AE3-43D4-BB8D-54B0E1ACE771}.Release|Win32.Build.0 = Release|Win32
		{3823346A-8AE3-43D4-BB8D-54B0E1ACE771}.Release|x64.ActiveCfg = Release|x64
		{3823346A-8AE3-43D4-BB8D-54B0E1ACE771}.Release|x64.Build.0 = Release|x64
		{5ED8A6B3-3B33-45F6-8078-A5962CE1032F}.Debug|Win32.ActiveCfg = Debug|Win32
		{5ED8A6B3-3B33-45F6-8078-A5962CE1032F}.Debug|Win32.Build.0 = Debug|Win32
		{5ED8A6B3-3B33-45F6-8078-A5962CE1032F}.Debug|x64.ActiveCfg = Debug|x64
		{5ED8A6B3-3B33-45F6-8078-A5962CE1032F}.Debug|x64.Build.0 = Debug|x64
		{5ED8A6B3-3B33-45F6-8078-A5962CE1032F}.Release|Win32.ActiveCfg = Release|Win32
		{5ED8A6B3-3B33-45F6-8078-A5962CE1032F}.Release|Win32.Build.0 = Release|Win32
		{5ED8A6B3-3B33-45F6-8078-A5962CE1032F}.Release|x64.ActiveCfg = Release|x64
		{5ED8A6B3-3B33-45F6-8078-A5962CE1032F}.Release|x64.Build.0 = Release|x64
		{B39B88D9-0BFE-43DC-8A61-1AEFAB0DB8E2}.Debug|Win32.ActiveCfg = Debug|Win32
		{B39B88D9-0BFE-43DC-8A61-1AEFAB0DB8E2}.Debug|Win32.Build.0 = Debug|Win32
		{B39B88D9-0BFE-43DC-8A61-1AEFAB0DB8E2}.Debug|x64.ActiveCfg = Debug|x64
		{B39B88D9-0BFE-43DC-8A61-1AEFAB0DB8E2}.Debug|x64.Build.0 = Debug|x64
		{B39B88D9-0BFE-43DC-8A61-1AEFAB0DB8E2}.Release|Win32.ActiveCfg = Release|Win32
		{B39B88D9-0BFE-43DC-8A61-1AEFAB0DB8E2}.Release|Win32.Build.0 = Release|Win32
		{B39B88D9-0BFE-43DC-8A61-1AEFAB0DB8E2}.Release|x64.ActiveCfg = Release|x64
		{B39B88D9-0BFE-43DC-8A61-1AEFAB0DB8E2}.Release|x64.Build.0 = Release|x64
		{681449E0-22B9-4145-AAB4-32D63D1482EB}.Debug|Win32.ActiveCfg = Debug|Win32
		{681449E0-22B9-4145-AAB4-32D63D1482EB}.Debug|Win32.Build.0 = Debug|Win32
		{681449E0-22B9-4145-AAB4-32D63D1482EB}.Debug|x64.ActiveCfg = Debug|x64
		{681449E0-22B9-4145-AAB4-32D63D1482EB}.Debug|x64.Build.0 = Debug|x64
		{681449E0-22B9-4145-AAB4-32D63D1482EB}.Release|Win32.ActiveCfg = Release|Win32
		{681449E0-22B9-4145-AAB4-32D63D1482EB}.Release|Win32.Build.0 = Release|Win32
		{681449E0-22B9-4145-AAB4-32D63D1482EB}.Release|x64.ActiveCfg = Release|x64
		{681449E0-22B9-4145-AAB4-32D63D1482EB}.Release|x64.Build.0 = Release|x64
		{4C9B999B-C946-4500-8DC9-F6E869EBC1D4}.Debug|Win32.ActiveCfg = Debug|Win32
		{4C9B999B-C946-4500-8DC9-F6E869EBC1D4}.Debug|Win32.Build.0 = Debug|Win32
		{4C9B999B-C946-4500-8DC9-F6E869EBC1D4}.Debug|x64.ActiveCfg = Debug|x64
		{4C9B999B-C946-4500-8DC9-F6E869EBC1D4}.Debug|x64.Build.0 = Debug|x64
		{4C9B999B-C946-4500-8DC9-F6E869EBC1D4}.Release|Win32.ActiveCfg = Release|Win32
		{4C9B999B-C946-4500-8DC9-F6E869EBC1D4}.Release|Win32.Build.0 = Release|Win32
		{4C9B999B-C946-4500-8DC9-F6E869EBC1D4}.Release|x64.ActiveCfg = Release|x64
		{4C9B999B-C946-4500-8DC9-F6E869EBC1D4}.Release|x64.Build.0 = Release|x64
		{130DA253-C6BF-4A0A-AE8E-912B07177A13}.Debug|Win32.ActiveCfg = Debug|Win32
		{130DA253-C6BF-4A0A-AE8E-912B07177A13}.Debug|Win32.Build.0 = Debug|Win32
		{130DA253-C6BF-4A0A-AE8E-912B07177A13}.Debug|x64.ActiveCfg = Debug|x64
		{130DA253-C6BF-4A0A-AE8E-912B07177A13}.Debug|x64.Build.0 = Debug|x64
		{130DA253-C6BF-4A0A-AE8E-912B07177A13}.Release|Win32.ActiveCfg = Release|Win32
		{130DA253-C6BF-4A0A-AE8E-912B07177A13}.Release|Win32.Build.0 = Release|Win32
		{130DA253-C6BF-4A0A-AE8E-912B07177A13}.Release|x64.ActiveCfg = Release|x64
		{130DA253-C6BF-4A0A-AE8E-912B07177A13}.Release|x64.Build.0 = Release|x64
		{8F626A50-1E3B-4E4D-AE23-97667D212FE3}.Debug|Win32.ActiveCfg = Debug|Win32
		{8F626A50-1E3B-4E4D-AE23-97667D212FE3}.Debug|Win32.Build.0 = Debug|Win32
		{8F626A50-1E3B-4E4D-AE23-97667D212FE3}.Debug|x64.ActiveCfg = Debug|x64
		{8F626A50-1E3B-4E4D-AE23-97667D212FE3}.Debug|x64.Build.0 = Debug|x64
		{8F626A50-1E3B-4E4D-AE23-97667D212FE3}.Release|Win32.ActiveCfg = Release|Win32
		{8F626A50-1E3B-4E4D-AE23-97667D212FE3}.Release|Win32.Build.0 = Release|Win32
		{8F626A50-1E3B-4E4D-AE23-97667D212FE3}.Release|x64.ActiveCfg = Release|x64
		{8F626A50-1E3B-4E4D-AE23-97667D212FE3}.Release|x64.Build.0 = Release|x64
		{13E25134-C5F7-4C27-95E5-D025C6C374DE}.Debug|Win32.ActiveCfg = Debug|Win32
		{13E25134-C5F7-4C27-95E5-D025C6C374DE}.Debug|Win32.Build.0 = Debug|Win32
		{13E25134-C5F7-4C27-95E5-D025C6C374DE}.Debug|x64.ActiveCfg = Debug|x64
		{13E25134-C5F7-4C27-95E5-D025C6C374DE}.Debug|x64.Build.0 = Debug|x64
		{13E25134-C5F7-4C27-95E5-D025C6C374DE}.Release|Win32.ActiveCfg = Release|Win32
		{13E25134-C5F7-4C27-95E5-D025C6C374DE}.Release|Win32.Build.0 = Release|Win32
		{13E25134-C5F7-4C27-95E5-D025C6C374DE}.Release|x64.ActiveCfg = Release|x64
		{13E25134-C5F7-4C27-95E5-D025C6C374DE}.Release|x64.Build.0 = Release|x64
		{A9BA2BA2-EE8B-417B-92F8-C89BD3F9E367}.Debug|Win32.ActiveCfg = Debug|Win32
		{A9BA2BA2-EE8B-417B-92F8-C89BD3F9E367}.Debug|Win32.Build.0 = Debug|Win32
		{A9BA2BA2-EE8B-417B-92F8-C89BD3F9E367}.Debug|x64.ActiveCfg = Debug|x64
		{A9BA2BA2-EE8B-417B-92F8-C89BD3F9E367}.Debug|x64.Build.0 = Debug|x64
		{A9BA2BA2-EE8B-417B-92F8-C89BD3F9E367}.Release|Win32.ActiveCfg = Release|Win32
		{A9BA2BA2-EE8B-417B-92F8-C89BD3F9E367}.Release|Win32.Build.0 = Release|Win32
		{A9BA2BA2-EE8B-417B-92F8-C89BD3F9E367}.Release|x64.ActiveCfg = Release|x64
		{A9BA2BA2-EE8B-417B-92F8-C89BD3F9E367}.Release|x64.Build.0 = Release|x64
		{7DAC31C5-3F51-4B1D-9C3E-BD6777B9720F}.Debug|Win32.ActiveCfg = Debug|Win32
		{7DAC31C5-3F51-4B1D-9C3E-BD6777B9720F}.Debug|Win32.Build.0 = Debug|Win32
		{7DAC31C5-3F51-4B1D-9C3E-BD6777B9720F}.Debug|x64.ActiveCfg = Debug|x64
		{7DAC31C5-3F51-4B1D-9C3E-BD6777B9720F}.Debug|x64.Build.0 = Debug|x64
		{7DAC31C5-3F51-4B1D-9C3E-BD6777B9720F}.Release|Win32.ActiveCfg = Release|Win32
		{7DAC31C5-3F51-4B1D-9C3E-BD6777B9720F}.Release|Win32.Build.0 = Release|Win32
		{7DAC31C5-3F51-4B1D-9C3E-BD6777B9720F}.Release|x64.ActiveCfg = Release|x64
		{7DAC31C5-3F51-4B1D-9C3E-BD6777B9720F}.Release|x64.Build.0 = Release|x64
		{871BBD07-42EF-43C7-AE41-20A81E0930FA}.Debug|Win32.ActiveCfg = Debug|Win32
		{871BBD07-42EF-43C7-AE41-20A81E0930FA}.Debug|Win32.Build.0 = Debug|Win32
		{871BBD07-42EF-43C7-AE41-20A81E0930FA}.Debug|x64.ActiveCfg = Debug|x64
		{871BBD07-42EF-43C7-AE41-20A81E0930FA}.Debug|x64.Build.0 = Debug|x64
		{871BBD07-42EF-43C7-AE41-20A81E0930FA}.Release|Win32.ActiveCfg = Release|Win32
		{871BBD07-42EF-43C7-AE41-20A81E0930FA}.Release|Win32.Build.0 = Release|Win32
		{871BBD07-42EF-43C7-AE41-20A81E0930FA}.Release|x64.ActiveCfg = Release|x64
		{871BBD07-42EF-43C7-AE41-20A81E0930FA}.Release|x64.Build.0 = Release|x64
		{41A5C6F2-87C4-4FC1-86A3-FB690711D168}.Debug|Win32.ActiveCfg = Debug|Win32
		{41A5C6F2-87C4-4FC1-86A3-FB690711D168}.Debug|Win32.Build.0 = Debug|Win32
		{41A5C6F2-87C4-4FC1-86A3-FB690711D168}.Debug|x64.ActiveCfg = Debug|x64
		{41A5C6F2-87C4-4FC1-86A3-FB690711D168}.Debug|x64.Build.0 = Debug|x64
		{41A5C6F2-87C4-4FC1-86A3-FB690711D168}.Release|Win32.ActiveCfg = Release|Win32
		{41A5C6F2-87C4-4FC1-86A3-FB690711D168}.Release|Win32.Build.0 = Release|Win32
		{41A5C6F2-87C4-4FC1-86A3-FB690711D168}.Release|x64.ActiveCfg = Release|x64
		{41A5C6F2-87C4-4FC1-86A3-FB690711D168}.Release|x64.Build.0 = Release|x64
		{FFF48D08-92B7-4D19-920E-EF03F9381A6B}.Debug|Win32.ActiveCfg = Debug|Win32
		{FFF48D08-92B7-4D19-920E-EF03F9381A6B}.Debug|Win32.Build.0 = Debug|Win32
		{FFF48D08-92B7-4D19-920E-EF03F9381A6B}.Debug|x64.ActiveCfg = Debug|x64
		{FFF48D08-92B7-4D19-920E-EF03F9381A6B}.Debug|x64.Build.0 = Debug|x64
		{FFF48D08-92B7-4D19-920E-EF03F9381A6B}.Release|Win32.ActiveCfg = Release|Win32
		{FFF48D08-92B7-4D19-920E-EF03F9381A6B}.Release|Win32.Build.0 = Release|Win32
		{FFF48D08-92B7-4D19-920E-EF03F9381A6B}.Release|x64.ActiveCfg = Release|x64
		{FFF48D08-92B7-4D19-920E-EF03F9381A6B}.Release|x64.Build.0 = Release|x64
		{4DF30503-D54A-4EA1-9B0F-17D52F1278FA}.Debug|Win32.ActiveCfg = Debug|Win32
		{4DF30503-D54A-4EA1-9B0F-17D52F1278FA}.Debug|Win32.Build.0 = Debug|Win32
		{4DF30503-D54A-4EA1-9B0F-17D52F1278FA}.Debug|x64.ActiveCfg = Debug|Win32
		{4DF30503-D54A-4EA1-9B0F-17D52F1278FA}.Release|Win32.ActiveCfg = Release|Win32
		{4DF30503-D54A-4EA1-9B0F-17D52F1278FA}.Release|Win32.Build.0 = Release|Win32
		{4DF30503-D54A-4EA1-9B0F-17D52F1278FA}.Release|x64.ActiveCfg = Release|Win32
		{9ECB0415-2B8D-4DDB-90F8-BC9A87C7D45E}.Debug|Win32.ActiveCfg = Debug|Win32
		{9ECB0415-2B8D-4DDB-90F8-BC9A87C7D45E}.Debug|Win32.Build.0 = Debug|Win32
		{9ECB0415-2B8D-4DDB-90F8-BC9A87C7D45E}.Debug|x64.ActiveCfg = Debug|Win32
		{9ECB0415-2B8D-4DDB-90F8-BC9A87C7D45E}.Release|Win32.ActiveCfg = Release|Win32
		{9ECB0415-2B8D-4DDB-90F8-BC9A87C7D45E}.Release|Win32.Build.0 = Release|Win32
		{9ECB0415-2B8D-4DDB-90F8-BC9A87C7D45E}.Release|x64.ActiveCfg = Release|Win32
		{8C3BD6C4-A22E-45EB-A935-8F298D6C704F}.Debug|Win32.ActiveCfg = Debug|Win32
		{8C3BD6C4-A22E-45EB-A935-8F298D6C704F}.Debug|Win32.Build.0 = Debug|Win32
		{8C3BD6C4-A22E-45EB-A935-8F298D6C704F}.Debug|x64.ActiveCfg = Debug|Win32
		{8C3BD6C4-A22E-45EB-A935-8F298D6C704F}.Release|Win32.ActiveCfg = Release|Win32
		{8C3BD6C4-A22E-45EB-A935-8F298D6C704F}.Release|Win32.Build.0 = Release|Win32
		{8C3BD6C4-A22E-45EB-A935-8F298D6C704F}.Release|x64.ActiveCfg = Release|Win32
		{98214068-7283-4880-96FF-7EBA8F20C334}.Debug|Win32.ActiveCfg = Debug|Win32
		{98214068-7283-4880-96FF-7EBA8F20C334}.Debug|Win32.Build.0 = Debug|Win32
		{98214068-7283-4880-96FF-7EBA8F20C334}.Debug|x64.ActiveCfg = Debug|Win32
		{98214068-7283-4880-96FF-7EBA8F20C334}.Release|Win32.ActiveCfg = Release|Win32
		{98214068-7283-4880-96FF-7EBA8F20C334}.Release|Win32.Build.0 = Release|Win32
		{98214068-7283-4880-96FF-7EBA8F20C334}.Release|x64.ActiveCfg = Release|Win32
		{D1AAA3E1-4339-4303-9732-2A6961CC84B1}.Debug|Win32.ActiveCfg = Debug|Win32
		{D1AAA3E1-4339-4303-9732-2A6961CC84B1}.Debug|Win32.Build.0 = Debug|Win32
		{D1AAA3E1-4339-4303-9732-2A6961CC84B1}.Debug|x64.ActiveCfg = Debug|Win32
		{D1AAA3E1-4339-4303-9732-2A6961CC84B1}.Release|Win32.ActiveCfg = Release|Win32
		{D1AAA3E1-4339-4303-9732-2A6961CC84B1}.Release|Win32.Build.0 = Release|Win32
		{D1AAA3E1-4339-4303-9732-2A6961CC84B1}.Release|x64.ActiveCfg = Release|Win32
		{64C4B39A-31C3-48E5-98CC-0B697C5AAFCA}.Debug|Win32.ActiveCfg = Debug|Win32
		{64C4B39A-31C3-48E5-98CC-0B697C5AAFCA}.Debug|Win32.Build.0 = Debug|Win32
		{64C4B39A-31C3-48E5-98CC-0B697C5AAFCA}.Debug|x64.ActiveCfg = Debug|Win32
		{64C4B39A-31C3-48E5-98CC-0B697C5AAFCA}.Release|Win32.ActiveCfg = Release|Win32
		{64C4B39A-31C3-48E5-98CC-0B697C5AAFCA}.Release|Win32.Build.0 = Release|Win32
		{64C4B39A-31C3-48E5-98CC-0B697C5AAFCA}.Release|x64.ActiveCfg = Release|Win32
		{66A87204-C6B6-4492-B239-9A28BF3FA135}.Debug|Win32.ActiveCfg = Debug|Win32
		{66A87204-C6B6-4492-B239-9A28BF3FA135}.Debug|Win32.Build.0 = Debug|Win32
		{66A87204-C6B6-4492-B239-9A28BF3FA135}.Debug|x64.ActiveCfg = Debug|Win32
		{66A87204-C6B6-4492-B239-9A28BF3FA135}.Release|Win32.ActiveCfg = Release|Win32
		{66A87204-C6B6-4492-B239-9A28BF3FA135}.Release|Win32.Build.0 = Release|Win32
		{66A87204-C6B6-4492-B239-9A28BF3FA135}.Release|x64.ActiveCfg = Release|Win32
		{93109E8D-86B9-4C4E-8660-8FA69299F867}.Debug|Win32.ActiveCfg = Debug|Win32
		{93109E8D-86B9-4C4E-8660-8FA69299F867}.Debug|Win32.Build.0 = Debug|Win32
		{93109E8D-86B9-4C4E-8660-8FA69299F867}.Debug|x64.ActiveCfg = Debug|Win32
		{93109E8D-86B9-4C4E-8660-8FA69299F867}.Release|Win32.ActiveCfg = Release|Win32
		{93109E8D-86B9-4C4E-8660-8FA69299F867}.Release|Win32.Build.0 = Release|Win32
		{93109E8D-86B9-4C4E-8660-8FA69299F867}.Release|x64.ActiveCfg = Release|Win32
	EndGlobalSection
	GlobalSection(SolutionProperties) = preSolution
		HideSolutionNode = FALSE
	EndGlobalSection
EndGlobal
